<?xml version="1.0" encoding="utf-8"?>
<Project ToolsVersion="4.0" xmlns="http://schemas.microsoft.com/developer/msbuild/2003">
  <ItemGroup>
    <Filter Include="Source Files">
      <UniqueIdentifier>{ade31c31-ec43-42e6-aa65-7f4ceaa2bad7}</UniqueIdentifier>
      <Extensions>cpp;c;cxx;rc;def;r;odl;idl;hpj;bat</Extensions>
    </Filter>
    <Filter Include="Header Files">
      <UniqueIdentifier>{f9b4621d-8847-408f-b1e5-5ed26a3fc6b6}</UniqueIdentifier>
      <Extensions>h;hpp;hxx;hm;inl</Extensions>
    </Filter>
    <Filter Include="Resource Files">
      <UniqueIdentifier>{0a41e678-2f2a-42b0-bce4-a42219344243}</UniqueIdentifier>
      <Extensions>ico;cur;bmp;dlg;rc2;rct;bin;rgs;gif;jpg;jpeg;jpe</Extensions>
    </Filter>
    <Filter Include="TOOLS">
      <UniqueIdentifier>{df07c589-e069-42a4-be84-498a6dca9ab5}</UniqueIdentifier>
    </Filter>
  </ItemGroup>
  <ItemGroup>
    <ClCompile Include="DrvFuncs.cpp">
      <Filter>Source Files</Filter>
    </ClCompile>
    <ClCompile Include="DrvMainUnit.cpp">
      <Filter>Source Files</Filter>
    </ClCompile>
    <ClCompile Include="DrvUtils.cpp">
      <Filter>Source Files</Filter>
    </ClCompile>
    <ClCompile Include="DrvMD5.cpp">
      <Filter>Source Files</Filter>
    </ClCompile>
    <ClCompile Include="DrvKernelImport.cpp">
      <Filter>Source Files</Filter>
    </ClCompile>
    <ClCompile Include="DrvParams.cpp">
      <Filter>Source Files</Filter>
    </ClCompile>
  </ItemGroup>
  <ItemGroup>
    <ClInclude Include="DrvCommon.h">
      <Filter>Header Files</Filter>
    </ClInclude>
    <ClInclude Include="DrvFuncs.h">
      <Filter>Header Files</Filter>
    </ClInclude>
    <ClInclude Include="DrvMainUnit.h">
      <Filter>Header Files</Filter>
    </ClInclude>
    <ClInclude Include="DrvUtils.h">
      <Filter>Header Files</Filter>
    </ClInclude>
    <ClInclude Include="resource.h">
      <Filter>Resource Files</Filter>
    </ClInclude>
    <ClInclude Include="DrvDevice.h">
      <Filter>Header Files</Filter>
    </ClInclude>
    <ClInclude Include="DrvMD5.h">
      <Filter>Header Files</Filter>
    </ClInclude>
    <ClInclude Include="DrvFormatPE.h">
      <Filter>Header Files</Filter>
    </ClInclude>
    <ClInclude Include="DrvKernelImport.h">
      <Filter>Header Files</Filter>
    </ClInclude>
    <ClInclude Include="DrvParams.h">
      <Filter>Header Files</Filter>
    </ClInclude>
  </ItemGroup>
  <ItemGroup>
    <ResourceCompile Include="DrvResources.rc">
      <Filter>Resource Files</Filter>
    </ResourceCompile>
  </ItemGroup>
  <ItemGroup>
    <CustomBuild Include="TOOLS\Signing\SignDriver.bat">
      <Filter>TOOLS</Filter>
    </CustomBuild>
  </ItemGroup>
</Project>